
Microsoft Visual Studio Solution File, Format Version 12.00
# Visual Studio Version 17
VisualStudioVersion = 17.12.35707.178
MinimumVisualStudioVersion = 10.0.40219.1
Project("{FAE04EC0-301F-11D3-BF4B-00C04F79EFBC}") = "WindowsMediaPlayerVisualizer", "WindowsMediaPlayerVisualizer\WindowsMediaPlayerVisualizer.csproj", "{FBF7A8EC-CF8A-414F-85C8-EB84D3819B97}"
EndProject
Project("{2150E333-8FDC-42A3-9474-1A3956D46DE8}") = "NewFolder1", "NewFolder1", "{3F8CBF2F-3368-4AF1-8CC0-C86FE8648D39}"
EndProject
Global
	GlobalSection(SolutionConfigurationPlatforms) = preSolution
		Debug|Any CPU = Debug|Any CPU
		Release|Any CPU = Release|Any CPU
	EndGlobalSection
	GlobalSection(ProjectConfigurationPlatforms) = postSolution
		{FBF7A8EC-CF8A-414F-85C8-EB84D3819B97}.Debug|Any CPU.ActiveCfg = Debug|Any CPU
		{FBF7A8EC-CF8A-414F-85C8-EB84D3819B97}.Debug|Any CPU.Build.0 = Debug|Any CPU
		{FBF7A8EC-CF8A-414F-85C8-EB84D3819B97}.Release|Any CPU.ActiveCfg = Release|Any CPU
		{FBF7A8EC-CF8A-414F-85C8-EB84D3819B97}.Release|Any CPU.Build.0 = Release|Any CPU
	EndGlobalSection
	GlobalSection(SolutionProperties) = preSolution
		HideSolutionNode = FALSE
	EndGlobalSection
EndGlobal
